
Microsoft Visual Studio Solution File, Format Version 12.00
# Visual Studio Version 16
VisualStudioVersion = 16.0.30503.244
MinimumVisualStudioVersion = 10.0.40219.1
Project("{FAE04EC0-301F-11D3-BF4B-00C04F79EFBC}") = "AdressBook", "AdressBook\AdressBook.csproj", "{3D4E5711-7D4D-4898-99F9-AA666C5B4E63}"
EndProject
Global
	GlobalSection(SolutionConfigurationPlatforms) = preSolution
		Debug|Any CPU = Debug|Any CPU
		Release|Any CPU = Release|Any CPU
	EndGlobalSection
	GlobalSection(ProjectConfigurationPlatforms) = postSolution
		{3D4E5711-7D4D-4898-99F9-AA666C5B4E63}.Debug|Any CPU.ActiveCfg = Debug|Any CPU
		{3D4E5711-7D4D-4898-99F9-AA666C5B4E63}.Debug|Any CPU.Build.0 = Debug|Any CPU
		{3D4E5711-7D4D-4898-99F9-AA666C5B4E63}.Release|Any CPU.ActiveCfg = Release|Any CPU
		{3D4E5711-7D4D-4898-99F9-AA666C5B4E63}.Release|Any CPU.Build.0 = Release|Any CPU
	EndGlobalSection
	GlobalSection(SolutionProperties) = preSolution
		HideSolutionNode = FALSE
	EndGlobalSection
	GlobalSection(ExtensibilityGlobals) = postSolution
		SolutionGuid = {C657A139-9C67-4B69-8B59-D521B5C00ECA}
	EndGlobalSection
EndGlobal
